
Microsoft Visual Studio Solution File, Format Version 12.00
# Visual Studio Version 16
VisualStudioVersion = 16.0.31424.327
MinimumVisualStudioVersion = 10.0.40219.1
Project("{FAE04EC0-301F-11D3-BF4B-00C04F79EFBC}") = "ScatoloneDownloader", "ScatoloneDownloader\ScatoloneDownloader.csproj", "{BB35160C-BD6E-48CE-BD96-04E7092BAF2E}"
EndProject
Global
	GlobalSection(SolutionConfigurationPlatforms) = preSolution
		Debug|Any CPU = Debug|Any CPU
		Release|Any CPU = Release|Any CPU
	EndGlobalSection
	GlobalSection(ProjectConfigurationPlatforms) = postSolution
		{BB35160C-BD6E-48CE-BD96-04E7092BAF2E}.Debug|Any CPU.ActiveCfg = Debug|Any CPU
		{BB35160C-BD6E-48CE-BD96-04E7092BAF2E}.Debug|Any CPU.Build.0 = Debug|Any CPU
		{BB35160C-BD6E-48CE-BD96-04E7092BAF2E}.Release|Any CPU.ActiveCfg = Release|Any CPU
		{BB35160C-BD6E-48CE-BD96-04E7092BAF2E}.Release|Any CPU.Build.0 = Release|Any CPU
	EndGlobalSection
	GlobalSection(SolutionProperties) = preSolution
		HideSolutionNode = FALSE
	EndGlobalSection
	GlobalSection(ExtensibilityGlobals) = postSolution
		SolutionGuid = {C7667C94-0769-433C-AD36-E4FDF2DCC50B}
	EndGlobalSection
EndGlobal
